
Microsoft Visual Studio Solution File, Format Version 12.00
# Visual Studio Version 16
VisualStudioVersion = 16.0.31402.337
MinimumVisualStudioVersion = 10.0.40219.1
Project("{FAE04EC0-301F-11D3-BF4B-00C04F79EFBC}") = "ClassLibraryPassword", "ClassLibraryPassword\ClassLibraryPassword.csproj", "{ABDF3FAC-20FB-459E-9EDC-0195D9BFDC74}"
EndProject
Project("{FAE04EC0-301F-11D3-BF4B-00C04F79EFBC}") = "ClassLibraryPasswordTests", "ClassLibraryPasswordTests\ClassLibraryPasswordTests.csproj", "{D0E0D403-0EFC-4FA0-96B4-E7A755083697}"
EndProject
Global
	GlobalSection(SolutionConfigurationPlatforms) = preSolution
		Debug|Any CPU = Debug|Any CPU
		Release|Any CPU = Release|Any CPU
	EndGlobalSection
	GlobalSection(ProjectConfigurationPlatforms) = postSolution
		{ABDF3FAC-20FB-459E-9EDC-0195D9BFDC74}.Debug|Any CPU.ActiveCfg = Debug|Any CPU
		{ABDF3FAC-20FB-459E-9EDC-0195D9BFDC74}.Debug|Any CPU.Build.0 = Debug|Any CPU
		{ABDF3FAC-20FB-459E-9EDC-0195D9BFDC74}.Release|Any CPU.ActiveCfg = Release|Any CPU
		{ABDF3FAC-20FB-459E-9EDC-0195D9BFDC74}.Release|Any CPU.Build.0 = Release|Any CPU
		{D0E0D403-0EFC-4FA0-96B4-E7A755083697}.Debug|Any CPU.ActiveCfg = Debug|Any CPU
		{D0E0D403-0EFC-4FA0-96B4-E7A755083697}.Debug|Any CPU.Build.0 = Debug|Any CPU
		{D0E0D403-0EFC-4FA0-96B4-E7A755083697}.Release|Any CPU.ActiveCfg = Release|Any CPU
		{D0E0D403-0EFC-4FA0-96B4-E7A755083697}.Release|Any CPU.Build.0 = Release|Any CPU
	EndGlobalSection
	GlobalSection(SolutionProperties) = preSolution
		HideSolutionNode = FALSE
	EndGlobalSection
	GlobalSection(ExtensibilityGlobals) = postSolution
		SolutionGuid = {BBDD5FE3-2312-42D0-BA4F-04004B201B88}
	EndGlobalSection
EndGlobal
